
Microsoft Visual Studio Solution File, Format Version 12.00
# Visual Studio 2013
VisualStudioVersion = 12.0.30723.0
MinimumVisualStudioVersion = 10.0.40219.1
Project("{E24C65DC-7377-472B-9ABA-BC803B73C61A}") = "jquery-watch(1)", "http://localhost:6425", "{31D1B4B6-0B26-4ED7-9F24-336A474DBE03}"
	ProjectSection(WebsiteProperties) = preProject
		UseIISExpress = "true"
		TargetFrameworkMoniker = ".NETFramework,Version%3Dv4.0"
		Debug.AspNetCompiler.VirtualPath = "/localhost_6425"
		Debug.AspNetCompiler.PhysicalPath = "..\jquery-watch\"
		Debug.AspNetCompiler.TargetPath = "PrecompiledWeb\localhost_6425\"
		Debug.AspNetCompiler.Updateable = "true"
		Debug.AspNetCompiler.ForceOverwrite = "true"
		Debug.AspNetCompiler.FixedNames = "false"
		Debug.AspNetCompiler.Debug = "True"
		Release.AspNetCompiler.VirtualPath = "/localhost_6425"
		Release.AspNetCompiler.PhysicalPath = "..\jquery-watch\"
		Release.AspNetCompiler.TargetPath = "PrecompiledWeb\localhost_6425\"
		Release.AspNetCompiler.Updateable = "true"
		Release.AspNetCompiler.ForceOverwrite = "true"
		Release.AspNetCompiler.FixedNames = "false"
		Release.AspNetCompiler.Debug = "False"
		SlnRelativePath = "..\jquery-watch\"
	EndProjectSection
EndProject
Global
	GlobalSection(SolutionConfigurationPlatforms) = preSolution
		Debug|Any CPU = Debug|Any CPU
	EndGlobalSection
	GlobalSection(ProjectConfigurationPlatforms) = postSolution
		{31D1B4B6-0B26-4ED7-9F24-336A474DBE03}.Debug|Any CPU.ActiveCfg = Debug|Any CPU
		{31D1B4B6-0B26-4ED7-9F24-336A474DBE03}.Debug|Any CPU.Build.0 = Debug|Any CPU
	EndGlobalSection
	GlobalSection(SolutionProperties) = preSolution
		HideSolutionNode = FALSE
	EndGlobalSection
EndGlobal
